// !$*UTF8*$!
{
	archiveVersion = 1;
	classes = {
	};
	objectVersion = 56;
	objects = {

/* Begin PBXBuildFile section */
		951B0A9C297C3735004F1A4B /* MunchkinsCalculatorApp.swift in Sources */ = {isa = PBXBuildFile; fileRef = 951B0A9B297C3735004F1A4B /* MunchkinsCalculatorApp.swift */; };
		951B0A9E297C3735004F1A4B /* ListPlayers.swift in Sources */ = {isa = PBXBuildFile; fileRef = 951B0A9D297C3735004F1A4B /* ListPlayers.swift */; };
		951B0AA0297C3736004F1A4B /* Assets.xcassets in Resources */ = {isa = PBXBuildFile; fileRef = 951B0A9F297C3736004F1A4B /* Assets.xcassets */; };
		951B0AA3297C3736004F1A4B /* Preview Assets.xcassets in Resources */ = {isa = PBXBuildFile; fileRef = 951B0AA2297C3736004F1A4B /* Preview Assets.xcassets */; };
		951B0AB6297C415A004F1A4B /* PlayerModel.swift in Sources */ = {isa = PBXBuildFile; fileRef = 951B0AB5297C415A004F1A4B /* PlayerModel.swift */; };
/* End PBXBuildFile section */

/* Begin PBXFileReference section */
		951B0A98297C3735004F1A4B /* MunchkinsCalculator.app */ = {isa = PBXFileReference; explicitFileType = wrapper.application; includeInIndex = 0; path = MunchkinsCalculator.app; sourceTree = BUILT_PRODUCTS_DIR; };
		951B0A9B297C3735004F1A4B /* MunchkinsCalculatorApp.swift */ = {isa = PBXFileReference; lastKnownFileType = sourcecode.swift; path = MunchkinsCalculatorApp.swift; sourceTree = "<group>"; };
		951B0A9D297C3735004F1A4B /* ListPlayers.swift */ = {isa = PBXFileReference; lastKnownFileType = sourcecode.swift; path = ListPlayers.swift; sourceTree = "<group>"; };
		951B0A9F297C3736004F1A4B /* Assets.xcassets */ = {isa = PBXFileReference; lastKnownFileType = folder.assetcatalog; path = Assets.xcassets; sourceTree = "<group>"; };
		951B0AA2297C3736004F1A4B /* Preview Assets.xcassets */ = {isa = PBXFileReference; lastKnownFileType = folder.assetcatalog; path = "Preview Assets.xcassets"; sourceTree = "<group>"; };
		951B0AB5297C415A004F1A4B /* PlayerModel.swift */ = {isa = PBXFileReference; lastKnownFileType = sourcecode.swift; path = PlayerModel.swift; sourceTree = "<group>"; };
/* End PBXFileReference section */

/* Begin PBXFrameworksBuildPhase section */
		951B0A95297C3735004F1A4B /* Frameworks */ = {
			isa = PBXFrameworksBuildPhase;
			buildActionMask = 2147483647;
			files = (
			);
			runOnlyForDeploymentPostprocessing = 0;
		};
/* End PBXFrameworksBuildPhase section */

/* Begin PBXGroup section */
		951B0A8F297C3735004F1A4B = {
			isa = PBXGroup;
			children = (
				951B0A9A297C3735004F1A4B /* MunchkinsCalculator */,
				951B0A99297C3735004F1A4B /* Products */,
			);
			sourceTree = "<group>";
		};
		951B0A99297C3735004F1A4B /* Products */ = {
			isa = PBXGroup;
			children = (
				951B0A98297C3735004F1A4B /* MunchkinsCalculator.app */,
			);
			name = Products;
			sourceTree = "<group>";
		};
		951B0A9A297C3735004F1A4B /* MunchkinsCalculator */ = {
			isa = PBXGroup;
			children = (
				951B0AB0297C3EAA004F1A4B /* Domain */,
				951B0AAB297C3D39004F1A4B /* Presentation */,
				951B0AAA297C3C5C004F1A4B /* Aplication */,
				951B0AB4297C3F03004F1A4B /* Utils */,
				951B0AA9297C3C3B004F1A4B /* Resources */,
				951B0AA1297C3736004F1A4B /* Preview Content */,
			);
			path = MunchkinsCalculator;
			sourceTree = "<group>";
		};
		951B0AA1297C3736004F1A4B /* Preview Content */ = {
			isa = PBXGroup;
			children = (
				951B0AA2297C3736004F1A4B /* Preview Assets.xcassets */,
			);
			path = "Preview Content";
			sourceTree = "<group>";
		};
		951B0AA9297C3C3B004F1A4B /* Resources */ = {
			isa = PBXGroup;
			children = (
				951B0A9F297C3736004F1A4B /* Assets.xcassets */,
			);
			path = Resources;
			sourceTree = "<group>";
		};
		951B0AAA297C3C5C004F1A4B /* Aplication */ = {
			isa = PBXGroup;
			children = (
				951B0A9B297C3735004F1A4B /* MunchkinsCalculatorApp.swift */,
			);
			path = Aplication;
			sourceTree = "<group>";
		};
		951B0AAB297C3D39004F1A4B /* Presentation */ = {
			isa = PBXGroup;
			children = (
				951B0AAC297C3D7E004F1A4B /* ListPlayers */,
			);
			path = Presentation;
			sourceTree = "<group>";
		};
		951B0AAC297C3D7E004F1A4B /* ListPlayers */ = {
			isa = PBXGroup;
			children = (
				951B0AAE297C3DBF004F1A4B /* Controller */,
				951B0AAD297C3DB9004F1A4B /* View */,
			);
			path = ListPlayers;
			sourceTree = "<group>";
		};
		951B0AAD297C3DB9004F1A4B /* View */ = {
			isa = PBXGroup;
			children = (
				951B0AAF297C3E0A004F1A4B /* Components */,
				951B0A9D297C3735004F1A4B /* ListPlayers.swift */,
			);
			path = View;
			sourceTree = "<group>";
		};
		951B0AAE297C3DBF004F1A4B /* Controller */ = {
			isa = PBXGroup;
			children = (
			);
			path = Controller;
			sourceTree = "<group>";
		};
		951B0AAF297C3E0A004F1A4B /* Components */ = {
			isa = PBXGroup;
			children = (
			);
			path = Components;
			sourceTree = "<group>";
		};
		951B0AB0297C3EAA004F1A4B /* Domain */ = {
			isa = PBXGroup;
			children = (
				951B0AB1297C3EB0004F1A4B /* Model */,
			);
			path = Domain;
			sourceTree = "<group>";
		};
		951B0AB1297C3EB0004F1A4B /* Model */ = {
			isa = PBXGroup;
			children = (
				951B0AB5297C415A004F1A4B /* PlayerModel.swift */,
			);
			path = Model;
			sourceTree = "<group>";
		};
		951B0AB4297C3F03004F1A4B /* Utils */ = {
			isa = PBXGroup;
			children = (
			);
			path = Utils;
			sourceTree = "<group>";
		};
/* End PBXGroup section */

/* Begin PBXNativeTarget section */
		951B0A97297C3735004F1A4B /* MunchkinsCalculator */ = {
			isa = PBXNativeTarget;
			buildConfigurationList = 951B0AA6297C3736004F1A4B /* Build configuration list for PBXNativeTarget "MunchkinsCalculator" */;
			buildPhases = (
				951B0A94297C3735004F1A4B /* Sources */,
				951B0A95297C3735004F1A4B /* Frameworks */,
				951B0A96297C3735004F1A4B /* Resources */,
			);
			buildRules = (
			);
			dependencies = (
			);
			name = MunchkinsCalculator;
			productName = MunchkinsCalculator;
			productReference = 951B0A98297C3735004F1A4B /* MunchkinsCalculator.app */;
			productType = "com.apple.product-type.application";
		};
/* End PBXNativeTarget section */

/* Begin PBXProject section */
		951B0A90297C3735004F1A4B /* Project object */ = {
			isa = PBXProject;
			attributes = {
				BuildIndependentTargetsInParallel = 1;
				LastSwiftUpdateCheck = 1420;
				LastUpgradeCheck = 1420;
				TargetAttributes = {
					951B0A97297C3735004F1A4B = {
						CreatedOnToolsVersion = 14.2;
					};
				};
			};
			buildConfigurationList = 951B0A93297C3735004F1A4B /* Build configuration list for PBXProject "MunchkinsCalculator" */;
			compatibilityVersion = "Xcode 14.0";
			developmentRegion = en;
			hasScannedForEncodings = 0;
			knownRegions = (
				en,
				Base,
			);
			mainGroup = 951B0A8F297C3735004F1A4B;
			productRefGroup = 951B0A99297C3735004F1A4B /* Products */;
			projectDirPath = "";
			projectRoot = "";
			targets = (
				951B0A97297C3735004F1A4B /* MunchkinsCalculator */,
			);
		};
/* End PBXProject section */

/* Begin PBXResourcesBuildPhase section */
		951B0A96297C3735004F1A4B /* Resources */ = {
			isa = PBXResourcesBuildPhase;
			buildActionMask = 2147483647;
			files = (
				951B0AA3297C3736004F1A4B /* Preview Assets.xcassets in Resources */,
				951B0AA0297C3736004F1A4B /* Assets.xcassets in Resources */,
			);
			runOnlyForDeploymentPostprocessing = 0;
		};
/* End PBXResourcesBuildPhase section */

/* Begin PBXSourcesBuildPhase section */
		951B0A94297C3735004F1A4B /* Sources */ = {
			isa = PBXSourcesBuildPhase;
			buildActionMask = 2147483647;
			files = (
				951B0AB6297C415A004F1A4B /* PlayerModel.swift in Sources */,
				951B0A9E297C3735004F1A4B /* ListPlayers.swift in Sources */,
				951B0A9C297C3735004F1A4B /* MunchkinsCalculatorApp.swift in Sources */,
			);
			runOnlyForDeploymentPostprocessing = 0;
		};
/* End PBXSourcesBuildPhase section */

/* Begin XCBuildConfiguration section */
		951B0AA4297C3736004F1A4B /* Debug */ = {
			isa = XCBuildConfiguration;
			buildSettings = {
				ALWAYS_SEARCH_USER_PATHS = NO;
				CLANG_ANALYZER_NONNULL = YES;
				CLANG_ANALYZER_NUMBER_OBJECT_CONVERSION = YES_AGGRESSIVE;
				CLANG_CXX_LANGUAGE_STANDARD = "gnu++20";
				CLANG_ENABLE_MODULES = YES;
				CLANG_ENABLE_OBJC_ARC = YES;
				CLANG_ENABLE_OBJC_WEAK = YES;
				CLANG_WARN_BLOCK_CAPTURE_AUTORELEASING = YES;
				CLANG_WARN_BOOL_CONVERSION = YES;
				CLANG_WARN_COMMA = YES;
				CLANG_WARN_CONSTANT_CONVERSION = YES;
				CLANG_WARN_DEPRECATED_OBJC_IMPLEMENTATIONS = YES;
				CLANG_WARN_DIRECT_OBJC_ISA_USAGE = YES_ERROR;
				CLANG_WARN_DOCUMENTATION_COMMENTS = YES;
				CLANG_WARN_EMPTY_BODY = YES;
				CLANG_WARN_ENUM_CONVERSION = YES;
				CLANG_WARN_INFINITE_RECURSION = YES;
				CLANG_WARN_INT_CONVERSION = YES;
				CLANG_WARN_NON_LITERAL_NULL_CONVERSION = YES;
				CLANG_WARN_OBJC_IMPLICIT_RETAIN_SELF = YES;
				CLANG_WARN_OBJC_LITERAL_CONVERSION = YES;
				CLANG_WARN_OBJC_ROOT_CLASS = YES_ERROR;
				CLANG_WARN_QUOTED_INCLUDE_IN_FRAMEWORK_HEADER = YES;
				CLANG_WARN_RANGE_LOOP_ANALYSIS = YES;
				CLANG_WARN_STRICT_PROTOTYPES = YES;
				CLANG_WARN_SUSPICIOUS_MOVE = YES;
				CLANG_WARN_UNGUARDED_AVAILABILITY = YES_AGGRESSIVE;
				CLANG_WARN_UNREACHABLE_CODE = YES;
				CLANG_WARN__DUPLICATE_METHOD_MATCH = YES;
				COPY_PHASE_STRIP = NO;
				DEBUG_INFORMATION_FORMAT = dwarf;
				ENABLE_STRICT_OBJC_MSGSEND = YES;
				ENABLE_TESTABILITY = YES;
				GCC_C_LANGUAGE_STANDARD = gnu11;
				GCC_DYNAMIC_NO_PIC = NO;
				GCC_NO_COMMON_BLOCKS = YES;
				GCC_OPTIMIZATION_LEVEL = 0;
				GCC_PREPROCESSOR_DEFINITIONS = (
					"DEBUG=1",
					"$(inherited)",
				);
				GCC_WARN_64_TO_32_BIT_CONVERSION = YES;
				GCC_WARN_ABOUT_RETURN_TYPE = YES_ERROR;
				GCC_WARN_UNDECLARED_SELECTOR = YES;
				GCC_WARN_UNINITIALIZED_AUTOS = YES_AGGRESSIVE;
				GCC_WARN_UNUSED_FUNCTION = YES;
				GCC_WARN_UNUSED_VARIABLE = YES;
				IPHONEOS_DEPLOYMENT_TARGET = 16.2;
				MTL_ENABLE_DEBUG_INFO = INCLUDE_SOURCE;
				MTL_FAST_MATH = YES;
				ONLY_ACTIVE_ARCH = YES;
				SDKROOT = iphoneos;
				SWIFT_ACTIVE_COMPILATION_CONDITIONS = DEBUG;
				SWIFT_OPTIMIZATION_LEVEL = "-Onone";
			};
			name = Debug;
		};
		951B0AA5297C3736004F1A4B /* Release */ = {
			isa = XCBuildConfiguration;
			buildSettings = {
				ALWAYS_SEARCH_USER_PATHS = NO;
				CLANG_ANALYZER_NONNULL = YES;
				CLANG_ANALYZER_NUMBER_OBJECT_CONVERSION = YES_AGGRESSIVE;
				CLANG_CXX_LANGUAGE_STANDARD = "gnu++20";
				CLANG_ENABLE_MODULES = YES;
				CLANG_ENABLE_OBJC_ARC = YES;
				CLANG_ENABLE_OBJC_WEAK = YES;
				CLANG_WARN_BLOCK_CAPTURE_AUTORELEASING = YES;
				CLANG_WARN_BOOL_CONVERSION = YES;
				CLANG_WARN_COMMA = YES;
				CLANG_WARN_CONSTANT_CONVERSION = YES;
				CLANG_WARN_DEPRECATED_OBJC_IMPLEMENTATIONS = YES;
				CLANG_WARN_DIRECT_OBJC_ISA_USAGE = YES_ERROR;
				CLANG_WARN_DOCUMENTATION_COMMENTS = YES;
				CLANG_WARN_EMPTY_BODY = YES;
				CLANG_WARN_ENUM_CONVERSION = YES;
				CLANG_WARN_INFINITE_RECURSION = YES;
				CLANG_WARN_INT_CONVERSION = YES;
				CLANG_WARN_NON_LITERAL_NULL_CONVERSION = YES;
				CLANG_WARN_OBJC_IMPLICIT_RETAIN_SELF = YES;
				CLANG_WARN_OBJC_LITERAL_CONVERSION = YES;
				CLANG_WARN_OBJC_ROOT_CLASS = YES_ERROR;
				CLANG_WARN_QUOTED_INCLUDE_IN_FRAMEWORK_HEADER = YES;
				CLANG_WARN_RANGE_LOOP_ANALYSIS = YES;
				CLANG_WARN_STRICT_PROTOTYPES = YES;
				CLANG_WARN_SUSPICIOUS_MOVE = YES;
				CLANG_WARN_UNGUARDED_AVAILABILITY = YES_AGGRESSIVE;
				CLANG_WARN_UNREACHABLE_CODE = YES;
				CLANG_WARN__DUPLICATE_METHOD_MATCH = YES;
				COPY_PHASE_STRIP = NO;
				DEBUG_INFORMATION_FORMAT = "dwarf-with-dsym";
				ENABLE_NS_ASSERTIONS = NO;
				ENABLE_STRICT_OBJC_MSGSEND = YES;
				GCC_C_LANGUAGE_STANDARD = gnu11;
				GCC_NO_COMMON_BLOCKS = YES;
				GCC_WARN_64_TO_32_BIT_CONVERSION = YES;
				GCC_WARN_ABOUT_RETURN_TYPE = YES_ERROR;
				GCC_WARN_UNDECLARED_SELECTOR = YES;
				GCC_WARN_UNINITIALIZED_AUTOS = YES_AGGRESSIVE;
				GCC_WARN_UNUSED_FUNCTION = YES;
				GCC_WARN_UNUSED_VARIABLE = YES;
				IPHONEOS_DEPLOYMENT_TARGET = 16.2;
				MTL_ENABLE_DEBUG_INFO = NO;
				MTL_FAST_MATH = YES;
				SDKROOT = iphoneos;
				SWIFT_COMPILATION_MODE = wholemodule;
				SWIFT_OPTIMIZATION_LEVEL = "-O";
				VALIDATE_PRODUCT = YES;
			};
			name = Release;
		};
		951B0AA7297C3736004F1A4B /* Debug */ = {
			isa = XCBuildConfiguration;
			buildSettings = {
				ASSETCATALOG_COMPILER_APPICON_NAME = AppIcon;
				ASSETCATALOG_COMPILER_GLOBAL_ACCENT_COLOR_NAME = AccentColor;
				CODE_SIGN_STYLE = Automatic;
				CURRENT_PROJECT_VERSION = 1;
				DEVELOPMENT_ASSET_PATHS = "\"MunchkinsCalculator/Preview Content\"";
				DEVELOPMENT_TEAM = 35GM6XG62S;
				ENABLE_PREVIEWS = YES;
				GENERATE_INFOPLIST_FILE = YES;
				INFOPLIST_KEY_UIApplicationSceneManifest_Generation = YES;
				INFOPLIST_KEY_UIApplicationSupportsIndirectInputEvents = YES;
				INFOPLIST_KEY_UILaunchScreen_Generation = YES;
				INFOPLIST_KEY_UISupportedInterfaceOrientations_iPad = "UIInterfaceOrientationPortrait UIInterfaceOrientationPortraitUpsideDown UIInterfaceOrientationLandscapeLeft UIInterfaceOrientationLandscapeRight";
				INFOPLIST_KEY_UISupportedInterfaceOrientations_iPhone = "UIInterfaceOrientationPortrait UIInterfaceOrientationLandscapeLeft UIInterfaceOrientationLandscapeRight";
				LD_RUNPATH_SEARCH_PATHS = (
					"$(inherited)",
					"@executable_path/Frameworks",
				);
				MARKETING_VERSION = 1.0;
				PRODUCT_BUNDLE_IDENTIFIER = Academy.MunchkinsCalculator;
				PRODUCT_NAME = "$(TARGET_NAME)";
				SWIFT_EMIT_LOC_STRINGS = YES;
				SWIFT_VERSION = 5.0;
				TARGETED_DEVICE_FAMILY = "1,2";
			};
			name = Debug;
		};
		951B0AA8297C3736004F1A4B /* Release */ = {
			isa = XCBuildConfiguration;
			buildSettings = {
				ASSETCATALOG_COMPILER_APPICON_NAME = AppIcon;
				ASSETCATALOG_COMPILER_GLOBAL_ACCENT_COLOR_NAME = AccentColor;
				CODE_SIGN_STYLE = Automatic;
				CURRENT_PROJECT_VERSION = 1;
				DEVELOPMENT_ASSET_PATHS = "\"MunchkinsCalculator/Preview Content\"";
				DEVELOPMENT_TEAM = 35GM6XG62S;
				ENABLE_PREVIEWS = YES;
				GENERATE_INFOPLIST_FILE = YES;
				INFOPLIST_KEY_UIApplicationSceneManifest_Generation = YES;
				INFOPLIST_KEY_UIApplicationSupportsIndirectInputEvents = YES;
				INFOPLIST_KEY_UILaunchScreen_Generation = YES;
				INFOPLIST_KEY_UISupportedInterfaceOrientations_iPad = "UIInterfaceOrientationPortrait UIInterfaceOrientationPortraitUpsideDown UIInterfaceOrientationLandscapeLeft UIInterfaceOrientationLandscapeRight";
				INFOPLIST_KEY_UISupportedInterfaceOrientations_iPhone = "UIInterfaceOrientationPortrait UIInterfaceOrientationLandscapeLeft UIInterfaceOrientationLandscapeRight";
				LD_RUNPATH_SEARCH_PATHS = (
					"$(inherited)",
					"@executable_path/Frameworks",
				);
				MARKETING_VERSION = 1.0;
				PRODUCT_BUNDLE_IDENTIFIER = Academy.MunchkinsCalculator;
				PRODUCT_NAME = "$(TARGET_NAME)";
				SWIFT_EMIT_LOC_STRINGS = YES;
				SWIFT_VERSION = 5.0;
				TARGETED_DEVICE_FAMILY = "1,2";
			};
			name = Release;
		};
/* End XCBuildConfiguration section */

/* Begin XCConfigurationList section */
		951B0A93297C3735004F1A4B /* Build configuration list for PBXProject "MunchkinsCalculator" */ = {
			isa = XCConfigurationList;
			buildConfigurations = (
				951B0AA4297C3736004F1A4B /* Debug */,
				951B0AA5297C3736004F1A4B /* Release */,
			);
			defaultConfigurationIsVisible = 0;
			defaultConfigurationName = Release;
		};
		951B0AA6297C3736004F1A4B /* Build configuration list for PBXNativeTarget "MunchkinsCalculator" */ = {
			isa = XCConfigurationList;
			buildConfigurations = (
				951B0AA7297C3736004F1A4B /* Debug */,
				951B0AA8297C3736004F1A4B /* Release */,
			);
			defaultConfigurationIsVisible = 0;
			defaultConfigurationName = Release;
		};
/* End XCConfigurationList section */
	};
	rootObject = 951B0A90297C3735004F1A4B /* Project object */;
}
